
Microsoft Visual Studio Solution File, Format Version 12.00
# Visual Studio 15
Project("{FAE04EC0-301F-11D3-BF4B-00C04F79EFBC}") = "Oculus.Interaction.Editor", "Oculus.Interaction.Editor.csproj", "{534C1AD2-7D76-5EC3-9982-16C7AF3CF609}"
EndProject
Project("{FAE04EC0-301F-11D3-BF4B-00C04F79EFBC}") = "Meta.WitAi.Conduit", "Meta.WitAi.Conduit.csproj", "{88915476-4C97-BE61-544A-EA1878D2FF92}"
EndProject
Project("{FAE04EC0-301F-11D3-BF4B-00C04F79EFBC}") = "Oculus.VR", "Oculus.VR.csproj", "{31409AC8-D5EC-4878-0F9C-9AD13DC83226}"
EndProject
Project("{FAE04EC0-301F-11D3-BF4B-00C04F79EFBC}") = "Oculus.Interaction", "Oculus.Interaction.csproj", "{0D660624-76D7-68C9-B009-C4FCB828F0DD}"
EndProject
Project("{FAE04EC0-301F-11D3-BF4B-00C04F79EFBC}") = "Meta.Voice.Samples.ShapesConduit", "Meta.Voice.Samples.ShapesConduit.csproj", "{22B9D0A2-8C0B-D045-37B7-58713BC5C394}"
EndProject
Project("{FAE04EC0-301F-11D3-BF4B-00C04F79EFBC}") = "Meta.WitAi.Editor", "Meta.WitAi.Editor.csproj", "{6DA379A5-ECB8-E636-3442-216A7D20B899}"
EndProject
Project("{FAE04EC0-301F-11D3-BF4B-00C04F79EFBC}") = "Oculus.Platform", "Oculus.Platform.csproj", "{1C8BB0D9-6EAD-8D73-92EC-86C046B74078}"
EndProject
Project("{FAE04EC0-301F-11D3-BF4B-00C04F79EFBC}") = "VoiceSDK.Telemetry", "VoiceSDK.Telemetry.csproj", "{43D2AF70-FA49-6020-E585-39BB6DC8CF0E}"
EndProject
Project("{FAE04EC0-301F-11D3-BF4B-00C04F79EFBC}") = "Meta.WitAi", "Meta.WitAi.csproj", "{28549971-6741-9238-4988-D8CCE7C15EBB}"
EndProject
Project("{FAE04EC0-301F-11D3-BF4B-00C04F79EFBC}") = "Oculus.Interaction.OVR.Samples", "Oculus.Interaction.OVR.Samples.csproj", "{EAC9882F-9CF3-A245-CBBE-64DAE9E815D7}"
EndProject
Project("{FAE04EC0-301F-11D3-BF4B-00C04F79EFBC}") = "Assembly-CSharp", "Assembly-CSharp.csproj", "{2273B626-0EFC-0D40-0E14-9FC298FA5C94}"
EndProject
Project("{FAE04EC0-301F-11D3-BF4B-00C04F79EFBC}") = "Meta.WitAi.Conduit.Editor", "Meta.WitAi.Conduit.Editor.csproj", "{1E757583-E4FD-C452-032C-FF26F866AF36}"
EndProject
Project("{FAE04EC0-301F-11D3-BF4B-00C04F79EFBC}") = "Meta.WitAi.Lib", "Meta.WitAi.Lib.csproj", "{0FC86B94-B5D8-E5FB-57E9-2E3CFAE13A13}"
EndProject
Project("{FAE04EC0-301F-11D3-BF4B-00C04F79EFBC}") = "Oculus.VR.Editor", "Oculus.VR.Editor.csproj", "{9558DA93-0CDD-2150-446B-563DF0F57C07}"
EndProject
Project("{FAE04EC0-301F-11D3-BF4B-00C04F79EFBC}") = "Meta.Voice.Hub.Runtime", "Meta.Voice.Hub.Runtime.csproj", "{FBBC2268-00C7-6D90-C776-28C6F9F39C5D}"
EndProject
Project("{FAE04EC0-301F-11D3-BF4B-00C04F79EFBC}") = "Oculus.Interaction.OVR.Editor", "Oculus.Interaction.OVR.Editor.csproj", "{4DD36ABB-7CCE-5C81-5F07-7D8291B55814}"
EndProject
Project("{FAE04EC0-301F-11D3-BF4B-00C04F79EFBC}") = "VoiceSDK.Dictation.Runtime", "VoiceSDK.Dictation.Runtime.csproj", "{528743C3-1BDB-36D4-C13B-10F662407C86}"
EndProject
Project("{FAE04EC0-301F-11D3-BF4B-00C04F79EFBC}") = "Oculus.LipSync", "Oculus.LipSync.csproj", "{4A89AC8E-AFE6-B4B7-CF3B-AAEEFB0F8DD7}"
EndProject
Project("{FAE04EC0-301F-11D3-BF4B-00C04F79EFBC}") = "Oculus.Interaction.OVR", "Oculus.Interaction.OVR.csproj", "{C4015EAE-2091-332F-BB62-8EC127D45AD3}"
EndProject
Project("{FAE04EC0-301F-11D3-BF4B-00C04F79EFBC}") = "Meta.Voice.Hub.Editor", "Meta.Voice.Hub.Editor.csproj", "{933735F9-D939-57E5-3B8E-6FBF06A65F36}"
EndProject
Project("{FAE04EC0-301F-11D3-BF4B-00C04F79EFBC}") = "VoiceSDK.Editor", "VoiceSDK.Editor.csproj", "{809B23EC-38BD-8FFA-00DC-5CCBCDA7693F}"
EndProject
Project("{FAE04EC0-301F-11D3-BF4B-00C04F79EFBC}") = "Meta.WitAI.Lib.Editor", "Meta.WitAI.Lib.Editor.csproj", "{468F3E5B-1B5E-5190-9048-D25319B4C5EC}"
EndProject
Project("{FAE04EC0-301F-11D3-BF4B-00C04F79EFBC}") = "Oculus.Spatializer.Editor", "Oculus.Spatializer.Editor.csproj", "{1014C573-F3D5-A15F-86C3-C8E5F31E1A6E}"
EndProject
Project("{FAE04EC0-301F-11D3-BF4B-00C04F79EFBC}") = "AssistantCoreSDKRuntime", "AssistantCoreSDKRuntime.csproj", "{6A59A2BF-CD6C-BE00-C6C7-A93C863866BC}"
EndProject
Project("{FAE04EC0-301F-11D3-BF4B-00C04F79EFBC}") = "Oculus.AudioManager", "Oculus.AudioManager.csproj", "{C85D03AA-82A6-76E2-6F06-81FF77AEFE62}"
EndProject
Project("{FAE04EC0-301F-11D3-BF4B-00C04F79EFBC}") = "VoiceSDK.Runtime", "VoiceSDK.Runtime.csproj", "{EDC2BC43-AC39-7AD7-1E55-89241F7F4248}"
EndProject
Project("{FAE04EC0-301F-11D3-BF4B-00C04F79EFBC}") = "Facebook.Wit.Dictation", "Facebook.Wit.Dictation.csproj", "{13478C50-3540-C783-4381-29B850D079EA}"
EndProject
Project("{FAE04EC0-301F-11D3-BF4B-00C04F79EFBC}") = "Meta.Voice.Samples.BuiltInTimer", "Meta.Voice.Samples.BuiltInTimer.csproj", "{0914418D-69B1-9468-FD53-A849B0CAE4A1}"
EndProject
Project("{FAE04EC0-301F-11D3-BF4B-00C04F79EFBC}") = "Oculus.Platform.Editor", "Oculus.Platform.Editor.csproj", "{630C88AB-572C-2926-8C79-15DD21C92103}"
EndProject
Project("{FAE04EC0-301F-11D3-BF4B-00C04F79EFBC}") = "Meta.XR.BuildingBlocks.Editor", "Meta.XR.BuildingBlocks.Editor.csproj", "{DC771B24-635C-5338-CD58-396B7B377235}"
EndProject
Project("{FAE04EC0-301F-11D3-BF4B-00C04F79EFBC}") = "Meta.Voice.Samples.TTSVoices", "Meta.Voice.Samples.TTSVoices.csproj", "{C9E048AD-C65E-45A9-4885-26DCB9099B47}"
EndProject
Project("{FAE04EC0-301F-11D3-BF4B-00C04F79EFBC}") = "Meta.Voice.VSDKHub.Editor", "Meta.Voice.VSDKHub.Editor.csproj", "{02AA1E62-BFAC-43DE-7239-08B7D8E81469}"
EndProject
Project("{FAE04EC0-301F-11D3-BF4B-00C04F79EFBC}") = "Meta.WitAi.TTS", "Meta.WitAi.TTS.csproj", "{599E9A35-E1B0-7C6F-9F57-7C3C73710E28}"
EndProject
Project("{FAE04EC0-301F-11D3-BF4B-00C04F79EFBC}") = "Oculus.AudioManager.Audio.Editor", "Oculus.AudioManager.Audio.Editor.csproj", "{85032728-5A19-3184-02CF-8B4F700DE11E}"
EndProject
Project("{FAE04EC0-301F-11D3-BF4B-00C04F79EFBC}") = "Assembly-CSharp-Editor", "Assembly-CSharp-Editor.csproj", "{BD54547A-04D3-D4E4-6621-1F5162506849}"
EndProject
Project("{FAE04EC0-301F-11D3-BF4B-00C04F79EFBC}") = "Meta.Voice.Samples.Chess", "Meta.Voice.Samples.Chess.csproj", "{DAB45349-4AA0-A6A2-D83C-C953DBD4B6E2}"
EndProject
Project("{FAE04EC0-301F-11D3-BF4B-00C04F79EFBC}") = "Oculus.VR.Scripts.Editor", "Oculus.VR.Scripts.Editor.csproj", "{A899B4F1-3882-A696-6286-60A6982FE50F}"
EndProject
Project("{FAE04EC0-301F-11D3-BF4B-00C04F79EFBC}") = "Meta.Voice.Samples.LightTraits", "Meta.Voice.Samples.LightTraits.csproj", "{62E956D5-D0C5-5B42-8BC3-9ABD0C73E721}"
EndProject
Project("{FAE04EC0-301F-11D3-BF4B-00C04F79EFBC}") = "Meta.Voice.Samples.Dictation", "Meta.Voice.Samples.Dictation.csproj", "{51470702-3378-E0FB-6797-AE98161AFBB6}"
EndProject
Project("{FAE04EC0-301F-11D3-BF4B-00C04F79EFBC}") = "Meta.Voice.Samples.Shapes", "Meta.Voice.Samples.Shapes.csproj", "{B1C353C5-696E-4A02-F617-4C3EB01B8D4E}"
EndProject
Project("{FAE04EC0-301F-11D3-BF4B-00C04F79EFBC}") = "Oculus.Interaction.Samples.Editor", "Oculus.Interaction.Samples.Editor.csproj", "{195866E6-B6E7-E418-E430-3A144CB3C37F}"
EndProject
Project("{FAE04EC0-301F-11D3-BF4B-00C04F79EFBC}") = "Meta.WitAi.TTS.Editor", "Meta.WitAi.TTS.Editor.csproj", "{019724C4-6C32-4708-F363-572F687797EE}"
EndProject
Project("{FAE04EC0-301F-11D3-BF4B-00C04F79EFBC}") = "Meta.XR.BuildingBlocks", "Meta.XR.BuildingBlocks.csproj", "{ABB63F34-82BD-1C59-93E0-7D5880DDA512}"
EndProject
Project("{FAE04EC0-301F-11D3-BF4B-00C04F79EFBC}") = "Oculus.Spatializer", "Oculus.Spatializer.csproj", "{2219829F-BBE7-E4E9-855C-0327DEC461D0}"
EndProject
Project("{FAE04EC0-301F-11D3-BF4B-00C04F79EFBC}") = "Oculus.LipSync.Editor", "Oculus.LipSync.Editor.csproj", "{BC652D5A-33C3-97EB-5633-8B993333D25F}"
EndProject
Project("{FAE04EC0-301F-11D3-BF4B-00C04F79EFBC}") = "Oculus.AudioManager.Utils.Editor", "Oculus.AudioManager.Utils.Editor.csproj", "{F7D2112E-05BA-8986-713E-F10607498B7E}"
EndProject
Project("{FAE04EC0-301F-11D3-BF4B-00C04F79EFBC}") = "Meta.VoiceSDK.Mic.Common", "Meta.VoiceSDK.Mic.Common.csproj", "{E9A3617C-73E6-C826-EF2D-E2349683C8CB}"
EndProject
Project("{FAE04EC0-301F-11D3-BF4B-00C04F79EFBC}") = "VoiceSDK.Dictation.Editor", "VoiceSDK.Dictation.Editor.csproj", "{591476B7-D96E-27B9-F14D-C064AD43E575}"
EndProject
Project("{FAE04EC0-301F-11D3-BF4B-00C04F79EFBC}") = "Meta.VoiceSDK.Mic.Other", "Meta.VoiceSDK.Mic.Other.csproj", "{2E960E8A-8461-1471-4778-4AAC2988CCB1}"
EndProject
Project("{FAE04EC0-301F-11D3-BF4B-00C04F79EFBC}") = "AssistantCoreSDKEditor", "AssistantCoreSDKEditor.csproj", "{31F6FEDF-0E87-8987-320B-32176E7160C3}"
EndProject
Project("{FAE04EC0-301F-11D3-BF4B-00C04F79EFBC}") = "Oculus.Interaction.InterfaceSupport", "Oculus.Interaction.InterfaceSupport.csproj", "{2368A460-8A24-A361-A8EA-CBBBC9C663A1}"
EndProject
Project("{FAE04EC0-301F-11D3-BF4B-00C04F79EFBC}") = "Meta.Voice.Samples.LiveUnderstanding", "Meta.Voice.Samples.LiveUnderstanding.csproj", "{D7C2F4C9-28D6-87D6-C18E-E188DA4E5FEC}"
EndProject
Project("{FAE04EC0-301F-11D3-BF4B-00C04F79EFBC}") = "Facebook.Wit.Dictation.Editor", "Facebook.Wit.Dictation.Editor.csproj", "{306A30CF-7A3B-A89B-7F57-D3206C4C6D36}"
EndProject
Project("{FAE04EC0-301F-11D3-BF4B-00C04F79EFBC}") = "Meta.VoiceSDK.Mic.WebGL", "Meta.VoiceSDK.Mic.WebGL.csproj", "{82949A36-ED8D-C834-6566-B9BE813097F3}"
EndProject
Global
	GlobalSection(SolutionConfigurationPlatforms) = preSolution
		Debug|Any CPU = Debug|Any CPU
		Release|Any CPU = Release|Any CPU
	EndGlobalSection
	GlobalSection(ProjectConfigurationPlatforms) = postSolution
		{534C1AD2-7D76-5EC3-9982-16C7AF3CF609}.Debug|Any CPU.ActiveCfg = Debug|Any CPU
		{534C1AD2-7D76-5EC3-9982-16C7AF3CF609}.Debug|Any CPU.Build.0 = Debug|Any CPU
		{534C1AD2-7D76-5EC3-9982-16C7AF3CF609}.Release|Any CPU.ActiveCfg = Release|Any CPU
		{534C1AD2-7D76-5EC3-9982-16C7AF3CF609}.Release|Any CPU.Build.0 = Release|Any CPU
		{88915476-4C97-BE61-544A-EA1878D2FF92}.Debug|Any CPU.ActiveCfg = Debug|Any CPU
		{88915476-4C97-BE61-544A-EA1878D2FF92}.Debug|Any CPU.Build.0 = Debug|Any CPU
		{88915476-4C97-BE61-544A-EA1878D2FF92}.Release|Any CPU.ActiveCfg = Release|Any CPU
		{88915476-4C97-BE61-544A-EA1878D2FF92}.Release|Any CPU.Build.0 = Release|Any CPU
		{31409AC8-D5EC-4878-0F9C-9AD13DC83226}.Debug|Any CPU.ActiveCfg = Debug|Any CPU
		{31409AC8-D5EC-4878-0F9C-9AD13DC83226}.Debug|Any CPU.Build.0 = Debug|Any CPU
		{31409AC8-D5EC-4878-0F9C-9AD13DC83226}.Release|Any CPU.ActiveCfg = Release|Any CPU
		{31409AC8-D5EC-4878-0F9C-9AD13DC83226}.Release|Any CPU.Build.0 = Release|Any CPU
		{0D660624-76D7-68C9-B009-C4FCB828F0DD}.Debug|Any CPU.ActiveCfg = Debug|Any CPU
		{0D660624-76D7-68C9-B009-C4FCB828F0DD}.Debug|Any CPU.Build.0 = Debug|Any CPU
		{0D660624-76D7-68C9-B009-C4FCB828F0DD}.Release|Any CPU.ActiveCfg = Release|Any CPU
		{0D660624-76D7-68C9-B009-C4FCB828F0DD}.Release|Any CPU.Build.0 = Release|Any CPU
		{22B9D0A2-8C0B-D045-37B7-58713BC5C394}.Debug|Any CPU.ActiveCfg = Debug|Any CPU
		{22B9D0A2-8C0B-D045-37B7-58713BC5C394}.Debug|Any CPU.Build.0 = Debug|Any CPU
		{22B9D0A2-8C0B-D045-37B7-58713BC5C394}.Release|Any CPU.ActiveCfg = Release|Any CPU
		{22B9D0A2-8C0B-D045-37B7-58713BC5C394}.Release|Any CPU.Build.0 = Release|Any CPU
		{6DA379A5-ECB8-E636-3442-216A7D20B899}.Debug|Any CPU.ActiveCfg = Debug|Any CPU
		{6DA379A5-ECB8-E636-3442-216A7D20B899}.Debug|Any CPU.Build.0 = Debug|Any CPU
		{6DA379A5-ECB8-E636-3442-216A7D20B899}.Release|Any CPU.ActiveCfg = Release|Any CPU
		{6DA379A5-ECB8-E636-3442-216A7D20B899}.Release|Any CPU.Build.0 = Release|Any CPU
		{1C8BB0D9-6EAD-8D73-92EC-86C046B74078}.Debug|Any CPU.ActiveCfg = Debug|Any CPU
		{1C8BB0D9-6EAD-8D73-92EC-86C046B74078}.Debug|Any CPU.Build.0 = Debug|Any CPU
		{1C8BB0D9-6EAD-8D73-92EC-86C046B74078}.Release|Any CPU.ActiveCfg = Release|Any CPU
		{1C8BB0D9-6EAD-8D73-92EC-86C046B74078}.Release|Any CPU.Build.0 = Release|Any CPU
		{43D2AF70-FA49-6020-E585-39BB6DC8CF0E}.Debug|Any CPU.ActiveCfg = Debug|Any CPU
		{43D2AF70-FA49-6020-E585-39BB6DC8CF0E}.Debug|Any CPU.Build.0 = Debug|Any CPU
		{43D2AF70-FA49-6020-E585-39BB6DC8CF0E}.Release|Any CPU.ActiveCfg = Release|Any CPU
		{43D2AF70-FA49-6020-E585-39BB6DC8CF0E}.Release|Any CPU.Build.0 = Release|Any CPU
		{28549971-6741-9238-4988-D8CCE7C15EBB}.Debug|Any CPU.ActiveCfg = Debug|Any CPU
		{28549971-6741-9238-4988-D8CCE7C15EBB}.Debug|Any CPU.Build.0 = Debug|Any CPU
		{28549971-6741-9238-4988-D8CCE7C15EBB}.Release|Any CPU.ActiveCfg = Release|Any CPU
		{28549971-6741-9238-4988-D8CCE7C15EBB}.Release|Any CPU.Build.0 = Release|Any CPU
		{EAC9882F-9CF3-A245-CBBE-64DAE9E815D7}.Debug|Any CPU.ActiveCfg = Debug|Any CPU
		{EAC9882F-9CF3-A245-CBBE-64DAE9E815D7}.Debug|Any CPU.Build.0 = Debug|Any CPU
		{EAC9882F-9CF3-A245-CBBE-64DAE9E815D7}.Release|Any CPU.ActiveCfg = Release|Any CPU
		{EAC9882F-9CF3-A245-CBBE-64DAE9E815D7}.Release|Any CPU.Build.0 = Release|Any CPU
		{2273B626-0EFC-0D40-0E14-9FC298FA5C94}.Debug|Any CPU.ActiveCfg = Debug|Any CPU
		{2273B626-0EFC-0D40-0E14-9FC298FA5C94}.Debug|Any CPU.Build.0 = Debug|Any CPU
		{2273B626-0EFC-0D40-0E14-9FC298FA5C94}.Release|Any CPU.ActiveCfg = Release|Any CPU
		{2273B626-0EFC-0D40-0E14-9FC298FA5C94}.Release|Any CPU.Build.0 = Release|Any CPU
		{1E757583-E4FD-C452-032C-FF26F866AF36}.Debug|Any CPU.ActiveCfg = Debug|Any CPU
		{1E757583-E4FD-C452-032C-FF26F866AF36}.Debug|Any CPU.Build.0 = Debug|Any CPU
		{1E757583-E4FD-C452-032C-FF26F866AF36}.Release|Any CPU.ActiveCfg = Release|Any CPU
		{1E757583-E4FD-C452-032C-FF26F866AF36}.Release|Any CPU.Build.0 = Release|Any CPU
		{0FC86B94-B5D8-E5FB-57E9-2E3CFAE13A13}.Debug|Any CPU.ActiveCfg = Debug|Any CPU
		{0FC86B94-B5D8-E5FB-57E9-2E3CFAE13A13}.Debug|Any CPU.Build.0 = Debug|Any CPU
		{0FC86B94-B5D8-E5FB-57E9-2E3CFAE13A13}.Release|Any CPU.ActiveCfg = Release|Any CPU
		{0FC86B94-B5D8-E5FB-57E9-2E3CFAE13A13}.Release|Any CPU.Build.0 = Release|Any CPU
		{9558DA93-0CDD-2150-446B-563DF0F57C07}.Debug|Any CPU.ActiveCfg = Debug|Any CPU
		{9558DA93-0CDD-2150-446B-563DF0F57C07}.Debug|Any CPU.Build.0 = Debug|Any CPU
		{9558DA93-0CDD-2150-446B-563DF0F57C07}.Release|Any CPU.ActiveCfg = Release|Any CPU
		{9558DA93-0CDD-2150-446B-563DF0F57C07}.Release|Any CPU.Build.0 = Release|Any CPU
		{FBBC2268-00C7-6D90-C776-28C6F9F39C5D}.Debug|Any CPU.ActiveCfg = Debug|Any CPU
		{FBBC2268-00C7-6D90-C776-28C6F9F39C5D}.Debug|Any CPU.Build.0 = Debug|Any CPU
		{FBBC2268-00C7-6D90-C776-28C6F9F39C5D}.Release|Any CPU.ActiveCfg = Release|Any CPU
		{FBBC2268-00C7-6D90-C776-28C6F9F39C5D}.Release|Any CPU.Build.0 = Release|Any CPU
		{4DD36ABB-7CCE-5C81-5F07-7D8291B55814}.Debug|Any CPU.ActiveCfg = Debug|Any CPU
		{4DD36ABB-7CCE-5C81-5F07-7D8291B55814}.Debug|Any CPU.Build.0 = Debug|Any CPU
		{4DD36ABB-7CCE-5C81-5F07-7D8291B55814}.Release|Any CPU.ActiveCfg = Release|Any CPU
		{4DD36ABB-7CCE-5C81-5F07-7D8291B55814}.Release|Any CPU.Build.0 = Release|Any CPU
		{528743C3-1BDB-36D4-C13B-10F662407C86}.Debug|Any CPU.ActiveCfg = Debug|Any CPU
		{528743C3-1BDB-36D4-C13B-10F662407C86}.Debug|Any CPU.Build.0 = Debug|Any CPU
		{528743C3-1BDB-36D4-C13B-10F662407C86}.Release|Any CPU.ActiveCfg = Release|Any CPU
		{528743C3-1BDB-36D4-C13B-10F662407C86}.Release|Any CPU.Build.0 = Release|Any CPU
		{4A89AC8E-AFE6-B4B7-CF3B-AAEEFB0F8DD7}.Debug|Any CPU.ActiveCfg = Debug|Any CPU
		{4A89AC8E-AFE6-B4B7-CF3B-AAEEFB0F8DD7}.Debug|Any CPU.Build.0 = Debug|Any CPU
		{4A89AC8E-AFE6-B4B7-CF3B-AAEEFB0F8DD7}.Release|Any CPU.ActiveCfg = Release|Any CPU
		{4A89AC8E-AFE6-B4B7-CF3B-AAEEFB0F8DD7}.Release|Any CPU.Build.0 = Release|Any CPU
		{C4015EAE-2091-332F-BB62-8EC127D45AD3}.Debug|Any CPU.ActiveCfg = Debug|Any CPU
		{C4015EAE-2091-332F-BB62-8EC127D45AD3}.Debug|Any CPU.Build.0 = Debug|Any CPU
		{C4015EAE-2091-332F-BB62-8EC127D45AD3}.Release|Any CPU.ActiveCfg = Release|Any CPU
		{C4015EAE-2091-332F-BB62-8EC127D45AD3}.Release|Any CPU.Build.0 = Release|Any CPU
		{933735F9-D939-57E5-3B8E-6FBF06A65F36}.Debug|Any CPU.ActiveCfg = Debug|Any CPU
		{933735F9-D939-57E5-3B8E-6FBF06A65F36}.Debug|Any CPU.Build.0 = Debug|Any CPU
		{933735F9-D939-57E5-3B8E-6FBF06A65F36}.Release|Any CPU.ActiveCfg = Release|Any CPU
		{933735F9-D939-57E5-3B8E-6FBF06A65F36}.Release|Any CPU.Build.0 = Release|Any CPU
		{809B23EC-38BD-8FFA-00DC-5CCBCDA7693F}.Debug|Any CPU.ActiveCfg = Debug|Any CPU
		{809B23EC-38BD-8FFA-00DC-5CCBCDA7693F}.Debug|Any CPU.Build.0 = Debug|Any CPU
		{809B23EC-38BD-8FFA-00DC-5CCBCDA7693F}.Release|Any CPU.ActiveCfg = Release|Any CPU
		{809B23EC-38BD-8FFA-00DC-5CCBCDA7693F}.Release|Any CPU.Build.0 = Release|Any CPU
		{468F3E5B-1B5E-5190-9048-D25319B4C5EC}.Debug|Any CPU.ActiveCfg = Debug|Any CPU
		{468F3E5B-1B5E-5190-9048-D25319B4C5EC}.Debug|Any CPU.Build.0 = Debug|Any CPU
		{468F3E5B-1B5E-5190-9048-D25319B4C5EC}.Release|Any CPU.ActiveCfg = Release|Any CPU
		{468F3E5B-1B5E-5190-9048-D25319B4C5EC}.Release|Any CPU.Build.0 = Release|Any CPU
		{1014C573-F3D5-A15F-86C3-C8E5F31E1A6E}.Debug|Any CPU.ActiveCfg = Debug|Any CPU
		{1014C573-F3D5-A15F-86C3-C8E5F31E1A6E}.Debug|Any CPU.Build.0 = Debug|Any CPU
		{1014C573-F3D5-A15F-86C3-C8E5F31E1A6E}.Release|Any CPU.ActiveCfg = Release|Any CPU
		{1014C573-F3D5-A15F-86C3-C8E5F31E1A6E}.Release|Any CPU.Build.0 = Release|Any CPU
		{6A59A2BF-CD6C-BE00-C6C7-A93C863866BC}.Debug|Any CPU.ActiveCfg = Debug|Any CPU
		{6A59A2BF-CD6C-BE00-C6C7-A93C863866BC}.Debug|Any CPU.Build.0 = Debug|Any CPU
		{6A59A2BF-CD6C-BE00-C6C7-A93C863866BC}.Release|Any CPU.ActiveCfg = Release|Any CPU
		{6A59A2BF-CD6C-BE00-C6C7-A93C863866BC}.Release|Any CPU.Build.0 = Release|Any CPU
		{C85D03AA-82A6-76E2-6F06-81FF77AEFE62}.Debug|Any CPU.ActiveCfg = Debug|Any CPU
		{C85D03AA-82A6-76E2-6F06-81FF77AEFE62}.Debug|Any CPU.Build.0 = Debug|Any CPU
		{C85D03AA-82A6-76E2-6F06-81FF77AEFE62}.Release|Any CPU.ActiveCfg = Release|Any CPU
		{C85D03AA-82A6-76E2-6F06-81FF77AEFE62}.Release|Any CPU.Build.0 = Release|Any CPU
		{EDC2BC43-AC39-7AD7-1E55-89241F7F4248}.Debug|Any CPU.ActiveCfg = Debug|Any CPU
		{EDC2BC43-AC39-7AD7-1E55-89241F7F4248}.Debug|Any CPU.Build.0 = Debug|Any CPU
		{EDC2BC43-AC39-7AD7-1E55-89241F7F4248}.Release|Any CPU.ActiveCfg = Release|Any CPU
		{EDC2BC43-AC39-7AD7-1E55-89241F7F4248}.Release|Any CPU.Build.0 = Release|Any CPU
		{13478C50-3540-C783-4381-29B850D079EA}.Debug|Any CPU.ActiveCfg = Debug|Any CPU
		{13478C50-3540-C783-4381-29B850D079EA}.Debug|Any CPU.Build.0 = Debug|Any CPU
		{13478C50-3540-C783-4381-29B850D079EA}.Release|Any CPU.ActiveCfg = Release|Any CPU
		{13478C50-3540-C783-4381-29B850D079EA}.Release|Any CPU.Build.0 = Release|Any CPU
		{0914418D-69B1-9468-FD53-A849B0CAE4A1}.Debug|Any CPU.ActiveCfg = Debug|Any CPU
		{0914418D-69B1-9468-FD53-A849B0CAE4A1}.Debug|Any CPU.Build.0 = Debug|Any CPU
		{0914418D-69B1-9468-FD53-A849B0CAE4A1}.Release|Any CPU.ActiveCfg = Release|Any CPU
		{0914418D-69B1-9468-FD53-A849B0CAE4A1}.Release|Any CPU.Build.0 = Release|Any CPU
		{630C88AB-572C-2926-8C79-15DD21C92103}.Debug|Any CPU.ActiveCfg = Debug|Any CPU
		{630C88AB-572C-2926-8C79-15DD21C92103}.Debug|Any CPU.Build.0 = Debug|Any CPU
		{630C88AB-572C-2926-8C79-15DD21C92103}.Release|Any CPU.ActiveCfg = Release|Any CPU
		{630C88AB-572C-2926-8C79-15DD21C92103}.Release|Any CPU.Build.0 = Release|Any CPU
		{DC771B24-635C-5338-CD58-396B7B377235}.Debug|Any CPU.ActiveCfg = Debug|Any CPU
		{DC771B24-635C-5338-CD58-396B7B377235}.Debug|Any CPU.Build.0 = Debug|Any CPU
		{DC771B24-635C-5338-CD58-396B7B377235}.Release|Any CPU.ActiveCfg = Release|Any CPU
		{DC771B24-635C-5338-CD58-396B7B377235}.Release|Any CPU.Build.0 = Release|Any CPU
		{C9E048AD-C65E-45A9-4885-26DCB9099B47}.Debug|Any CPU.ActiveCfg = Debug|Any CPU
		{C9E048AD-C65E-45A9-4885-26DCB9099B47}.Debug|Any CPU.Build.0 = Debug|Any CPU
		{C9E048AD-C65E-45A9-4885-26DCB9099B47}.Release|Any CPU.ActiveCfg = Release|Any CPU
		{C9E048AD-C65E-45A9-4885-26DCB9099B47}.Release|Any CPU.Build.0 = Release|Any CPU
		{02AA1E62-BFAC-43DE-7239-08B7D8E81469}.Debug|Any CPU.ActiveCfg = Debug|Any CPU
		{02AA1E62-BFAC-43DE-7239-08B7D8E81469}.Debug|Any CPU.Build.0 = Debug|Any CPU
		{02AA1E62-BFAC-43DE-7239-08B7D8E81469}.Release|Any CPU.ActiveCfg = Release|Any CPU
		{02AA1E62-BFAC-43DE-7239-08B7D8E81469}.Release|Any CPU.Build.0 = Release|Any CPU
		{599E9A35-E1B0-7C6F-9F57-7C3C73710E28}.Debug|Any CPU.ActiveCfg = Debug|Any CPU
		{599E9A35-E1B0-7C6F-9F57-7C3C73710E28}.Debug|Any CPU.Build.0 = Debug|Any CPU
		{599E9A35-E1B0-7C6F-9F57-7C3C73710E28}.Release|Any CPU.ActiveCfg = Release|Any CPU
		{599E9A35-E1B0-7C6F-9F57-7C3C73710E28}.Release|Any CPU.Build.0 = Release|Any CPU
		{85032728-5A19-3184-02CF-8B4F700DE11E}.Debug|Any CPU.ActiveCfg = Debug|Any CPU
		{85032728-5A19-3184-02CF-8B4F700DE11E}.Debug|Any CPU.Build.0 = Debug|Any CPU
		{85032728-5A19-3184-02CF-8B4F700DE11E}.Release|Any CPU.ActiveCfg = Release|Any CPU
		{85032728-5A19-3184-02CF-8B4F700DE11E}.Release|Any CPU.Build.0 = Release|Any CPU
		{BD54547A-04D3-D4E4-6621-1F5162506849}.Debug|Any CPU.ActiveCfg = Debug|Any CPU
		{BD54547A-04D3-D4E4-6621-1F5162506849}.Debug|Any CPU.Build.0 = Debug|Any CPU
		{BD54547A-04D3-D4E4-6621-1F5162506849}.Release|Any CPU.ActiveCfg = Release|Any CPU
		{BD54547A-04D3-D4E4-6621-1F5162506849}.Release|Any CPU.Build.0 = Release|Any CPU
		{DAB45349-4AA0-A6A2-D83C-C953DBD4B6E2}.Debug|Any CPU.ActiveCfg = Debug|Any CPU
		{DAB45349-4AA0-A6A2-D83C-C953DBD4B6E2}.Debug|Any CPU.Build.0 = Debug|Any CPU
		{DAB45349-4AA0-A6A2-D83C-C953DBD4B6E2}.Release|Any CPU.ActiveCfg = Release|Any CPU
		{DAB45349-4AA0-A6A2-D83C-C953DBD4B6E2}.Release|Any CPU.Build.0 = Release|Any CPU
		{A899B4F1-3882-A696-6286-60A6982FE50F}.Debug|Any CPU.ActiveCfg = Debug|Any CPU
		{A899B4F1-3882-A696-6286-60A6982FE50F}.Debug|Any CPU.Build.0 = Debug|Any CPU
		{A899B4F1-3882-A696-6286-60A6982FE50F}.Release|Any CPU.ActiveCfg = Release|Any CPU
		{A899B4F1-3882-A696-6286-60A6982FE50F}.Release|Any CPU.Build.0 = Release|Any CPU
		{62E956D5-D0C5-5B42-8BC3-9ABD0C73E721}.Debug|Any CPU.ActiveCfg = Debug|Any CPU
		{62E956D5-D0C5-5B42-8BC3-9ABD0C73E721}.Debug|Any CPU.Build.0 = Debug|Any CPU
		{62E956D5-D0C5-5B42-8BC3-9ABD0C73E721}.Release|Any CPU.ActiveCfg = Release|Any CPU
		{62E956D5-D0C5-5B42-8BC3-9ABD0C73E721}.Release|Any CPU.Build.0 = Release|Any CPU
		{51470702-3378-E0FB-6797-AE98161AFBB6}.Debug|Any CPU.ActiveCfg = Debug|Any CPU
		{51470702-3378-E0FB-6797-AE98161AFBB6}.Debug|Any CPU.Build.0 = Debug|Any CPU
		{51470702-3378-E0FB-6797-AE98161AFBB6}.Release|Any CPU.ActiveCfg = Release|Any CPU
		{51470702-3378-E0FB-6797-AE98161AFBB6}.Release|Any CPU.Build.0 = Release|Any CPU
		{B1C353C5-696E-4A02-F617-4C3EB01B8D4E}.Debug|Any CPU.ActiveCfg = Debug|Any CPU
		{B1C353C5-696E-4A02-F617-4C3EB01B8D4E}.Debug|Any CPU.Build.0 = Debug|Any CPU
		{B1C353C5-696E-4A02-F617-4C3EB01B8D4E}.Release|Any CPU.ActiveCfg = Release|Any CPU
		{B1C353C5-696E-4A02-F617-4C3EB01B8D4E}.Release|Any CPU.Build.0 = Release|Any CPU
		{195866E6-B6E7-E418-E430-3A144CB3C37F}.Debug|Any CPU.ActiveCfg = Debug|Any CPU
		{195866E6-B6E7-E418-E430-3A144CB3C37F}.Debug|Any CPU.Build.0 = Debug|Any CPU
		{195866E6-B6E7-E418-E430-3A144CB3C37F}.Release|Any CPU.ActiveCfg = Release|Any CPU
		{195866E6-B6E7-E418-E430-3A144CB3C37F}.Release|Any CPU.Build.0 = Release|Any CPU
		{019724C4-6C32-4708-F363-572F687797EE}.Debug|Any CPU.ActiveCfg = Debug|Any CPU
		{019724C4-6C32-4708-F363-572F687797EE}.Debug|Any CPU.Build.0 = Debug|Any CPU
		{019724C4-6C32-4708-F363-572F687797EE}.Release|Any CPU.ActiveCfg = Release|Any CPU
		{019724C4-6C32-4708-F363-572F687797EE}.Release|Any CPU.Build.0 = Release|Any CPU
		{ABB63F34-82BD-1C59-93E0-7D5880DDA512}.Debug|Any CPU.ActiveCfg = Debug|Any CPU
		{ABB63F34-82BD-1C59-93E0-7D5880DDA512}.Debug|Any CPU.Build.0 = Debug|Any CPU
		{ABB63F34-82BD-1C59-93E0-7D5880DDA512}.Release|Any CPU.ActiveCfg = Release|Any CPU
		{ABB63F34-82BD-1C59-93E0-7D5880DDA512}.Release|Any CPU.Build.0 = Release|Any CPU
		{2219829F-BBE7-E4E9-855C-0327DEC461D0}.Debug|Any CPU.ActiveCfg = Debug|Any CPU
		{2219829F-BBE7-E4E9-855C-0327DEC461D0}.Debug|Any CPU.Build.0 = Debug|Any CPU
		{2219829F-BBE7-E4E9-855C-0327DEC461D0}.Release|Any CPU.ActiveCfg = Release|Any CPU
		{2219829F-BBE7-E4E9-855C-0327DEC461D0}.Release|Any CPU.Build.0 = Release|Any CPU
		{BC652D5A-33C3-97EB-5633-8B993333D25F}.Debug|Any CPU.ActiveCfg = Debug|Any CPU
		{BC652D5A-33C3-97EB-5633-8B993333D25F}.Debug|Any CPU.Build.0 = Debug|Any CPU
		{BC652D5A-33C3-97EB-5633-8B993333D25F}.Release|Any CPU.ActiveCfg = Release|Any CPU
		{BC652D5A-33C3-97EB-5633-8B993333D25F}.Release|Any CPU.Build.0 = Release|Any CPU
		{F7D2112E-05BA-8986-713E-F10607498B7E}.Debug|Any CPU.ActiveCfg = Debug|Any CPU
		{F7D2112E-05BA-8986-713E-F10607498B7E}.Debug|Any CPU.Build.0 = Debug|Any CPU
		{F7D2112E-05BA-8986-713E-F10607498B7E}.Release|Any CPU.ActiveCfg = Release|Any CPU
		{F7D2112E-05BA-8986-713E-F10607498B7E}.Release|Any CPU.Build.0 = Release|Any CPU
		{E9A3617C-73E6-C826-EF2D-E2349683C8CB}.Debug|Any CPU.ActiveCfg = Debug|Any CPU
		{E9A3617C-73E6-C826-EF2D-E2349683C8CB}.Debug|Any CPU.Build.0 = Debug|Any CPU
		{E9A3617C-73E6-C826-EF2D-E2349683C8CB}.Release|Any CPU.ActiveCfg = Release|Any CPU
		{E9A3617C-73E6-C826-EF2D-E2349683C8CB}.Release|Any CPU.Build.0 = Release|Any CPU
		{591476B7-D96E-27B9-F14D-C064AD43E575}.Debug|Any CPU.ActiveCfg = Debug|Any CPU
		{591476B7-D96E-27B9-F14D-C064AD43E575}.Debug|Any CPU.Build.0 = Debug|Any CPU
		{591476B7-D96E-27B9-F14D-C064AD43E575}.Release|Any CPU.ActiveCfg = Release|Any CPU
		{591476B7-D96E-27B9-F14D-C064AD43E575}.Release|Any CPU.Build.0 = Release|Any CPU
		{2E960E8A-8461-1471-4778-4AAC2988CCB1}.Debug|Any CPU.ActiveCfg = Debug|Any CPU
		{2E960E8A-8461-1471-4778-4AAC2988CCB1}.Debug|Any CPU.Build.0 = Debug|Any CPU
		{2E960E8A-8461-1471-4778-4AAC2988CCB1}.Release|Any CPU.ActiveCfg = Release|Any CPU
		{2E960E8A-8461-1471-4778-4AAC2988CCB1}.Release|Any CPU.Build.0 = Release|Any CPU
		{31F6FEDF-0E87-8987-320B-32176E7160C3}.Debug|Any CPU.ActiveCfg = Debug|Any CPU
		{31F6FEDF-0E87-8987-320B-32176E7160C3}.Debug|Any CPU.Build.0 = Debug|Any CPU
		{31F6FEDF-0E87-8987-320B-32176E7160C3}.Release|Any CPU.ActiveCfg = Release|Any CPU
		{31F6FEDF-0E87-8987-320B-32176E7160C3}.Release|Any CPU.Build.0 = Release|Any CPU
		{2368A460-8A24-A361-A8EA-CBBBC9C663A1}.Debug|Any CPU.ActiveCfg = Debug|Any CPU
		{2368A460-8A24-A361-A8EA-CBBBC9C663A1}.Debug|Any CPU.Build.0 = Debug|Any CPU
		{2368A460-8A24-A361-A8EA-CBBBC9C663A1}.Release|Any CPU.ActiveCfg = Release|Any CPU
		{2368A460-8A24-A361-A8EA-CBBBC9C663A1}.Release|Any CPU.Build.0 = Release|Any CPU
		{D7C2F4C9-28D6-87D6-C18E-E188DA4E5FEC}.Debug|Any CPU.ActiveCfg = Debug|Any CPU
		{D7C2F4C9-28D6-87D6-C18E-E188DA4E5FEC}.Debug|Any CPU.Build.0 = Debug|Any CPU
		{D7C2F4C9-28D6-87D6-C18E-E188DA4E5FEC}.Release|Any CPU.ActiveCfg = Release|Any CPU
		{D7C2F4C9-28D6-87D6-C18E-E188DA4E5FEC}.Release|Any CPU.Build.0 = Release|Any CPU
		{306A30CF-7A3B-A89B-7F57-D3206C4C6D36}.Debug|Any CPU.ActiveCfg = Debug|Any CPU
		{306A30CF-7A3B-A89B-7F57-D3206C4C6D36}.Debug|Any CPU.Build.0 = Debug|Any CPU
		{306A30CF-7A3B-A89B-7F57-D3206C4C6D36}.Release|Any CPU.ActiveCfg = Release|Any CPU
		{306A30CF-7A3B-A89B-7F57-D3206C4C6D36}.Release|Any CPU.Build.0 = Release|Any CPU
		{82949A36-ED8D-C834-6566-B9BE813097F3}.Debug|Any CPU.ActiveCfg = Debug|Any CPU
		{82949A36-ED8D-C834-6566-B9BE813097F3}.Debug|Any CPU.Build.0 = Debug|Any CPU
		{82949A36-ED8D-C834-6566-B9BE813097F3}.Release|Any CPU.ActiveCfg = Release|Any CPU
		{82949A36-ED8D-C834-6566-B9BE813097F3}.Release|Any CPU.Build.0 = Release|Any CPU
	EndGlobalSection
	GlobalSection(SolutionProperties) = preSolution
		HideSolutionNode = FALSE
	EndGlobalSection
EndGlobal
